
Microsoft Visual Studio Solution File, Format Version 12.00
# Visual Studio Version 16
VisualStudioVersion = 16.0.31313.79
MinimumVisualStudioVersion = 10.0.40219.1
Project("{9A19103F-16F7-4668-BE54-9A1E7A4F7556}") = "UNP", "DEUNP\UNP.csproj", "{092195E6-4283-4314-BEBE-0815F95D58D4}"
EndProject
Global
	GlobalSection(SolutionConfigurationPlatforms) = preSolution
		Debug|Any CPU = Debug|Any CPU
		Release|Any CPU = Release|Any CPU
	EndGlobalSection
	GlobalSection(ProjectConfigurationPlatforms) = postSolution
		{092195E6-4283-4314-BEBE-0815F95D58D4}.Debug|Any CPU.ActiveCfg = Debug|Any CPU
		{092195E6-4283-4314-BEBE-0815F95D58D4}.Debug|Any CPU.Build.0 = Debug|Any CPU
		{092195E6-4283-4314-BEBE-0815F95D58D4}.Release|Any CPU.ActiveCfg = Release|Any CPU
		{092195E6-4283-4314-BEBE-0815F95D58D4}.Release|Any CPU.Build.0 = Release|Any CPU
	EndGlobalSection
	GlobalSection(SolutionProperties) = preSolution
		HideSolutionNode = FALSE
	EndGlobalSection
	GlobalSection(ExtensibilityGlobals) = postSolution
		SolutionGuid = {E11DB1B5-EC3F-4EAF-92B1-3BE0789CA263}
	EndGlobalSection
EndGlobal
